
Microsoft Visual Studio Solution File, Format Version 12.00
# Visual Studio Version 17
VisualStudioVersion = 17.1.32319.34
MinimumVisualStudioVersion = 10.0.40219.1
Project("{2150E333-8FDC-42A3-9474-1A3956D46DE8}") = "solution items", "solution items", "{3B3AC312-5700-42F0-8379-8DEFBA79C67A}"
	ProjectSection(SolutionItems) = preProject
		.gitignore = .gitignore
		ci\gremlin-serialization.nuget.cicd.yml = ci\gremlin-serialization.nuget.cicd.yml
		.nuGet\nuGet.config = .nuGet\nuGet.config
		.nuGet\nuGet.md = .nuGet\nuGet.md
		README.md = README.md
	EndProjectSection
EndProject
Project("{9A19103F-16F7-4668-BE54-9A1E7A4F7556}") = "n-ate.Gremlin", "Gremlin\n-ate.Gremlin.csproj", "{C0C1C967-EAA0-4CB9-83E7-431348A783CA}"
EndProject
Global
	GlobalSection(SolutionConfigurationPlatforms) = preSolution
		Debug|Any CPU = Debug|Any CPU
		DebugVerbose|Any CPU = DebugVerbose|Any CPU
		Release|Any CPU = Release|Any CPU
	EndGlobalSection
	GlobalSection(ProjectConfigurationPlatforms) = postSolution
		{C0C1C967-EAA0-4CB9-83E7-431348A783CA}.Debug|Any CPU.ActiveCfg = Debug|Any CPU
		{C0C1C967-EAA0-4CB9-83E7-431348A783CA}.Debug|Any CPU.Build.0 = Debug|Any CPU
		{C0C1C967-EAA0-4CB9-83E7-431348A783CA}.DebugVerbose|Any CPU.ActiveCfg = DebugVerbose|Any CPU
		{C0C1C967-EAA0-4CB9-83E7-431348A783CA}.DebugVerbose|Any CPU.Build.0 = DebugVerbose|Any CPU
		{C0C1C967-EAA0-4CB9-83E7-431348A783CA}.Release|Any CPU.ActiveCfg = Release|Any CPU
		{C0C1C967-EAA0-4CB9-83E7-431348A783CA}.Release|Any CPU.Build.0 = Release|Any CPU
	EndGlobalSection
	GlobalSection(SolutionProperties) = preSolution
		HideSolutionNode = FALSE
	EndGlobalSection
	GlobalSection(ExtensibilityGlobals) = postSolution
		SolutionGuid = {075C2332-C020-4B6A-B127-D382271363AC}
	EndGlobalSection
EndGlobal
